<?xml version="1.0" encoding="utf-8"?>
<Project ToolsVersion="4.0" xmlns="http://schemas.microsoft.com/developer/msbuild/2003">
  <ItemGroup>
    <Filter Include="Header Files">
      <UniqueIdentifier>{93995380-89BD-4b04-88EB-625FBE52EBFB}</UniqueIdentifier>
      <Extensions>h;hpp;hxx;hm;inl;inc;xsd</Extensions>
    </Filter>
    <Filter Include="Resource Files">
      <UniqueIdentifier>{67DA6AB6-F800-4c08-8B7A-83BB121AAD01}</UniqueIdentifier>
      <Extensions>rc;ico;cur;bmp;dlg;rc2;rct;bin;rgs;gif;jpg;jpeg;jpe;resx</Extensions>
    </Filter>
    <Filter Include="Source Files">
      <UniqueIdentifier>{4FC737F1-C7A5-4376-A066-2A32D752A2FF}</UniqueIdentifier>
      <Extensions>cpp;c;cc;cxx;def;odl;idl;hpj;bat;asm;asmx</Extensions>
    </Filter>
  </ItemGroup>
  <ItemGroup>
    <ClInclude Include="BasisFunctions.h">
      <Filter>Header Files</Filter>
    </ClInclude>
    <ClInclude Include="BFunctions.h">
      <Filter>Header Files</Filter>
    </ClInclude>
    <ClInclude Include="Burgers.h">
      <Filter>Header Files</Filter>
    </ClInclude>
    <ClInclude Include="ConservationLaw.h">
      <Filter>Header Files</Filter>
    </ClInclude>
    <ClInclude Include="Constants.h">
      <Filter>Header Files</Filter>
    </ClInclude>
    <ClInclude Include="CutCell.h">
      <Filter>Header Files</Filter>
    </ClInclude>
    <ClInclude Include="DGAnalysis.h">
      <Filter>Header Files</Filter>
    </ClInclude>
    <ClInclude Include="DGCell.h">
      <Filter>Header Files</Filter>
    </ClInclude>
    <ClInclude Include="DGLimiter.h">
      <Filter>Header Files</Filter>
    </ClInclude>
    <ClInclude Include="DGMyError.h">
      <Filter>Header Files</Filter>
    </ClInclude>
    <ClInclude Include="DGPref.h">
      <Filter>Header Files</Filter>
    </ClInclude>
    <ClInclude Include="DGSensor.h">
      <Filter>Header Files</Filter>
    </ClInclude>
    <ClInclude Include="Edge.h">
      <Filter>Header Files</Filter>
    </ClInclude>
    <ClInclude Include="EulerLaw.h">
      <Filter>Header Files</Filter>
    </ClInclude>
    <ClInclude Include="Face.h">
      <Filter>Header Files</Filter>
    </ClInclude>
    <ClInclude Include="FieldEvaluator.h">
      <Filter>Header Files</Filter>
    </ClInclude>
    <ClInclude Include="FunctionSpace.h">
      <Filter>Header Files</Filter>
    </ClInclude>
    <ClInclude Include="GaussLegendreSimplex.h">
      <Filter>Header Files</Filter>
    </ClInclude>
    <ClInclude Include="gEntity.h">
      <Filter>Header Files</Filter>
    </ClInclude>
    <ClInclude Include="Geometry.h">
      <Filter>Header Files</Filter>
    </ClInclude>
    <ClInclude Include="Integrator.h">
      <Filter>Header Files</Filter>
    </ClInclude>
    <ClInclude Include="IntPt.h">
      <Filter>Header Files</Filter>
    </ClInclude>
    <ClInclude Include="LinearSystem.h">
      <Filter>Header Files</Filter>
    </ClInclude>
    <ClInclude Include="Mapping.h">
      <Filter>Header Files</Filter>
    </ClInclude>
    <ClInclude Include="mAttachableDataContainer.h">
      <Filter>Header Files</Filter>
    </ClInclude>
    <ClInclude Include="MaxwellLaw.h">
      <Filter>Header Files</Filter>
    </ClInclude>
    <ClInclude Include="mCompiler.h">
      <Filter>Header Files</Filter>
    </ClInclude>
    <ClInclude Include="mConstants.h">
      <Filter>Header Files</Filter>
    </ClInclude>
    <ClInclude Include="mDGMesh.h">
      <Filter>Header Files</Filter>
    </ClInclude>
    <ClInclude Include="mEntity.h">
      <Filter>Header Files</Filter>
    </ClInclude>
    <ClInclude Include="mEntityContainer.h">
      <Filter>Header Files</Filter>
    </ClInclude>
    <ClInclude Include="mException.h">
      <Filter>Header Files</Filter>
    </ClInclude>
    <ClInclude Include="mGeomSearch.h">
      <Filter>Header Files</Filter>
    </ClInclude>
    <ClInclude Include="mHex.h">
      <Filter>Header Files</Filter>
    </ClInclude>
    <ClInclude Include="mIdGenerator.h">
      <Filter>Header Files</Filter>
    </ClInclude>
    <ClInclude Include="mImportExport.h">
      <Filter>Header Files</Filter>
    </ClInclude>
    <ClInclude Include="mMesh.h">
      <Filter>Header Files</Filter>
    </ClInclude>
    <ClInclude Include="mPoint.h">
      <Filter>Header Files</Filter>
    </ClInclude>
    <ClInclude Include="mRegion.h">
      <Filter>Header Files</Filter>
    </ClInclude>
    <ClInclude Include="mTensor2.h">
      <Filter>Header Files</Filter>
    </ClInclude>
    <ClInclude Include="mTet.h">
      <Filter>Header Files</Filter>
    </ClInclude>
    <ClInclude Include="mUnits.h">
      <Filter>Header Files</Filter>
    </ClInclude>
    <ClInclude Include="mVector.h">
      <Filter>Header Files</Filter>
    </ClInclude>
    <ClInclude Include="OrthoSFTri.h">
      <Filter>Header Files</Filter>
    </ClInclude>
    <ClInclude Include="postProGmsh.h">
      <Filter>Header Files</Filter>
    </ClInclude>
    <ClInclude Include="ScalarLaw.h">
      <Filter>Header Files</Filter>
    </ClInclude>
    <ClInclude Include="ShapeFunctionList.h">
      <Filter>Header Files</Filter>
    </ClInclude>
    <ClInclude Include="TetOrtho.h">
      <Filter>Header Files</Filter>
    </ClInclude>
    <ClInclude Include="TimeIntegrator.h">
      <Filter>Header Files</Filter>
    </ClInclude>
    <ClInclude Include="Vertex.h">
      <Filter>Header Files</Filter>
    </ClInclude>
  </ItemGroup>
  <ItemGroup>
    <ClCompile Include="BasisFunctions.cc">
      <Filter>Source Files</Filter>
    </ClCompile>
    <ClCompile Include="Burgers.cc">
      <Filter>Source Files</Filter>
    </ClCompile>
    <ClCompile Include="Burgers2D.cc">
      <Filter>Source Files</Filter>
    </ClCompile>
    <ClCompile Include="CutCell.cc">
      <Filter>Source Files</Filter>
    </ClCompile>
    <ClCompile Include="DGAnalysis.cc">
      <Filter>Source Files</Filter>
    </ClCompile>
    <ClCompile Include="DGCell.cc">
      <Filter>Source Files</Filter>
    </ClCompile>
    <ClCompile Include="DGError.cc">
      <Filter>Source Files</Filter>
    </ClCompile>
    <ClCompile Include="DGLimiter.cc">
      <Filter>Source Files</Filter>
    </ClCompile>
    <ClCompile Include="DGMyError.cc">
      <Filter>Source Files</Filter>
    </ClCompile>
    <ClCompile Include="DGOrthogonalize.cc">
      <Filter>Source Files</Filter>
    </ClCompile>
    <ClCompile Include="DGPref.cc">
      <Filter>Source Files</Filter>
    </ClCompile>
    <ClCompile Include="DGSensor.cc">
      <Filter>Source Files</Filter>
    </ClCompile>
    <ClCompile Include="Edge.cc">
      <Filter>Source Files</Filter>
    </ClCompile>
    <ClCompile Include="EulerLaw.cc">
      <Filter>Source Files</Filter>
    </ClCompile>
    <ClCompile Include="Examples.cc">
      <Filter>Source Files</Filter>
    </ClCompile>
    <ClCompile Include="Face.cc">
      <Filter>Source Files</Filter>
    </ClCompile>
    <ClCompile Include="FieldEvaluator.cc">
      <Filter>Source Files</Filter>
    </ClCompile>
    <ClCompile Include="FunctionSpace.cc">
      <Filter>Source Files</Filter>
    </ClCompile>
    <ClCompile Include="GaussLegendre1D.cc">
      <Filter>Source Files</Filter>
    </ClCompile>
    <ClCompile Include="GaussLegendreSimplex.cc">
      <Filter>Source Files</Filter>
    </ClCompile>
    <ClCompile Include="GaussQuadratureHex.cc">
      <Filter>Source Files</Filter>
    </ClCompile>
    <ClCompile Include="GaussQuadratureQuad.cc">
      <Filter>Source Files</Filter>
    </ClCompile>
    <ClCompile Include="GaussQuadratureTet.cc">
      <Filter>Source Files</Filter>
    </ClCompile>
    <ClCompile Include="GaussQuadratureTri.cc">
      <Filter>Source Files</Filter>
    </ClCompile>
    <ClCompile Include="Geometry.cc">
      <Filter>Source Files</Filter>
    </ClCompile>
    <ClCompile Include="Integrator.cc">
      <Filter>Source Files</Filter>
    </ClCompile>
    <ClCompile Include="Lilia.cc">
      <Filter>Source Files</Filter>
    </ClCompile>
    <ClCompile Include="LinearSystem.cc">
      <Filter>Source Files</Filter>
    </ClCompile>
    <ClCompile Include="main.cc">
      <Filter>Source Files</Filter>
    </ClCompile>
    <ClCompile Include="Mapping.cc">
      <Filter>Source Files</Filter>
    </ClCompile>
    <ClCompile Include="matrixUtil.cc">
      <Filter>Source Files</Filter>
    </ClCompile>
    <ClCompile Include="mAttachableDataContainer.cc">
      <Filter>Source Files</Filter>
    </ClCompile>
    <ClCompile Include="MaxwellLaw.cc">
      <Filter>Source Files</Filter>
    </ClCompile>
    <ClCompile Include="mDGMesh.cc">
      <Filter>Source Files</Filter>
    </ClCompile>
    <ClCompile Include="mEntity.cc">
      <Filter>Source Files</Filter>
    </ClCompile>
    <ClCompile Include="mEntityContainer.cc">
      <Filter>Source Files</Filter>
    </ClCompile>
    <ClCompile Include="mException.cc">
      <Filter>Source Files</Filter>
    </ClCompile>
    <ClCompile Include="mHex.cc">
      <Filter>Source Files</Filter>
    </ClCompile>
    <ClCompile Include="mIdGenerator.cc">
      <Filter>Source Files</Filter>
    </ClCompile>
    <ClCompile Include="mImportExport.cc">
      <Filter>Source Files</Filter>
    </ClCompile>
    <ClCompile Include="mMesh.cc">
      <Filter>Source Files</Filter>
    </ClCompile>
    <ClCompile Include="mPoint.cc">
      <Filter>Source Files</Filter>
    </ClCompile>
    <ClCompile Include="mTensor2.cc">
      <Filter>Source Files</Filter>
    </ClCompile>
    <ClCompile Include="mTet.cc">
      <Filter>Source Files</Filter>
    </ClCompile>
    <ClCompile Include="mVector.cc">
      <Filter>Source Files</Filter>
    </ClCompile>
    <ClCompile Include="ScalarLaw.cc">
      <Filter>Source Files</Filter>
    </ClCompile>
    <ClCompile Include="ShapeFunctionList.cc">
      <Filter>Source Files</Filter>
    </ClCompile>
    <ClCompile Include="Suli.cc">
      <Filter>Source Files</Filter>
    </ClCompile>
    <ClCompile Include="TimeIntegrator.cc">
      <Filter>Source Files</Filter>
    </ClCompile>
    <ClCompile Include="Vertex.cc">
      <Filter>Source Files</Filter>
    </ClCompile>
  </ItemGroup>
</Project>